// !$*UTF8*$!
{
	archiveVersion = 1;
	classes = {
	};
	objectVersion = 46;
	objects = {

/* Begin PBXBuildFile section */
		25D3548D9AE6B9CC35F18F38 /* Pods_Quote_MakerUITests.framework in Frameworks */ = {isa = PBXBuildFile; fileRef = 61E75C9B3583BBD48FF7D1B9 /* Pods_Quote_MakerUITests.framework */; };
		2B6BF89D265DE764F8AFD9AB /* Pods_Quote_Maker.framework in Frameworks */ = {isa = PBXBuildFile; fileRef = EBB8D9800109749408DE6128 /* Pods_Quote_Maker.framework */; };
		581507451EDB609E0015C2D7 /* colormap.png in Resources */ = {isa = PBXBuildFile; fileRef = 5815073D1EDB609E0015C2D7 /* colormap.png */; };
		581507461EDB609E0015C2D7 /* FCBrightDarkGradView.m in Sources */ = {isa = PBXBuildFile; fileRef = 5815073F1EDB609E0015C2D7 /* FCBrightDarkGradView.m */; };
		581507471EDB609E0015C2D7 /* FCColorPickerViewController.m in Sources */ = {isa = PBXBuildFile; fileRef = 581507411EDB609E0015C2D7 /* FCColorPickerViewController.m */; };
		581507481EDB609E0015C2D7 /* FCColorPickerViewController.xib in Resources */ = {isa = PBXBuildFile; fileRef = 581507421EDB609E0015C2D7 /* FCColorPickerViewController.xib */; };
		581507491EDB609E0015C2D7 /* FCColorSwatchView.m in Sources */ = {isa = PBXBuildFile; fileRef = 581507441EDB609E0015C2D7 /* FCColorSwatchView.m */; };
		584365EB1EFEE8B70095388A /* GoogleMobileAds.framework in Frameworks */ = {isa = PBXBuildFile; fileRef = 584365EA1EFEE8B70095388A /* GoogleMobileAds.framework */; };
		5843660E1EFEFF260095388A /* Langdon.otf in Resources */ = {isa = PBXBuildFile; fileRef = 5843660C1EFEFCE80095388A /* Langdon.otf */; };
		5849B27A1E43BE3E00D519E4 /* main.m in Sources */ = {isa = PBXBuildFile; fileRef = 5849B2791E43BE3E00D519E4 /* main.m */; };
		5849B27D1E43BE3E00D519E4 /* AppDelegate.m in Sources */ = {isa = PBXBuildFile; fileRef = 5849B27C1E43BE3E00D519E4 /* AppDelegate.m */; };
		5849B2801E43BE3E00D519E4 /* EnterViewController.m in Sources */ = {isa = PBXBuildFile; fileRef = 5849B27F1E43BE3E00D519E4 /* EnterViewController.m */; };
		5849B2831E43BE3E00D519E4 /* Main.storyboard in Resources */ = {isa = PBXBuildFile; fileRef = 5849B2811E43BE3E00D519E4 /* Main.storyboard */; };
		5849B2851E43BE3E00D519E4 /* Assets.xcassets in Resources */ = {isa = PBXBuildFile; fileRef = 5849B2841E43BE3E00D519E4 /* Assets.xcassets */; };
		5849B2881E43BE3E00D519E4 /* LaunchScreen.storyboard in Resources */ = {isa = PBXBuildFile; fileRef = 5849B2861E43BE3E00D519E4 /* LaunchScreen.storyboard */; };
		5849B2931E43BE3F00D519E4 /* Quote_MakerTests.m in Sources */ = {isa = PBXBuildFile; fileRef = 5849B2921E43BE3F00D519E4 /* Quote_MakerTests.m */; };
		5849B29E1E43BE3F00D519E4 /* Quote_MakerUITests.m in Sources */ = {isa = PBXBuildFile; fileRef = 5849B29D1E43BE3F00D519E4 /* Quote_MakerUITests.m */; };
		5849B2B11E43C21600D519E4 /* GrandHotel-Regular.ttf in Resources */ = {isa = PBXBuildFile; fileRef = 5849B2AE1E43C21000D519E4 /* GrandHotel-Regular.ttf */; };
		5849B2B61E43CE9B00D519E4 /* SaveViewController.m in Sources */ = {isa = PBXBuildFile; fileRef = 5849B2B51E43CE9B00D519E4 /* SaveViewController.m */; };
		58663E291E90228A000F1806 /* Utilities.m in Sources */ = {isa = PBXBuildFile; fileRef = 58663E281E90228A000F1806 /* Utilities.m */; };
		586640531E9023B3000F1806 /* SettingsViewController.m in Sources */ = {isa = PBXBuildFile; fileRef = 586640521E9023B3000F1806 /* SettingsViewController.m */; };
		586640561E90550F000F1806 /* UIImage+ImageEffects.m in Sources */ = {isa = PBXBuildFile; fileRef = 586640551E90550F000F1806 /* UIImage+ImageEffects.m */; };
		589F2B251E998203006BFDD3 /* Animator.m in Sources */ = {isa = PBXBuildFile; fileRef = 589F2B241E998203006BFDD3 /* Animator.m */; };
		58C198B21EA60744005931B5 /* NonClippingLabel.m in Sources */ = {isa = PBXBuildFile; fileRef = 58C198B11EA60744005931B5 /* NonClippingLabel.m */; };
		58C8E2A81EA2A9D0001D4530 /* TPKeyboardAvoidingCollectionView.m in Sources */ = {isa = PBXBuildFile; fileRef = 58C8E2A11EA2A9D0001D4530 /* TPKeyboardAvoidingCollectionView.m */; };
		58C8E2A91EA2A9D1001D4530 /* TPKeyboardAvoidingScrollView.m in Sources */ = {isa = PBXBuildFile; fileRef = 58C8E2A31EA2A9D0001D4530 /* TPKeyboardAvoidingScrollView.m */; };
		58C8E2AA1EA2A9D1001D4530 /* TPKeyboardAvoidingTableView.m in Sources */ = {isa = PBXBuildFile; fileRef = 58C8E2A51EA2A9D0001D4530 /* TPKeyboardAvoidingTableView.m */; };
		58C8E2AB1EA2A9D1001D4530 /* UIScrollView+TPKeyboardAvoidingAdditions.m in Sources */ = {isa = PBXBuildFile; fileRef = 58C8E2A71EA2A9D0001D4530 /* UIScrollView+TPKeyboardAvoidingAdditions.m */; };
		CAC817A6E82AC708DB6F79B6 /* Pods_Quote_MakerTests.framework in Frameworks */ = {isa = PBXBuildFile; fileRef = AC7C37DAC4E291CEAB346CE3 /* Pods_Quote_MakerTests.framework */; };
/* End PBXBuildFile section */

/* Begin PBXContainerItemProxy section */
		5849B28F1E43BE3E00D519E4 /* PBXContainerItemProxy */ = {
			isa = PBXContainerItemProxy;
			containerPortal = 5849B26D1E43BE3E00D519E4 /* Project object */;
			proxyType = 1;
			remoteGlobalIDString = 5849B2741E43BE3E00D519E4;
			remoteInfo = "Quote Maker";
		};
		5849B29A1E43BE3F00D519E4 /* PBXContainerItemProxy */ = {
			isa = PBXContainerItemProxy;
			containerPortal = 5849B26D1E43BE3E00D519E4 /* Project object */;
			proxyType = 1;
			remoteGlobalIDString = 5849B2741E43BE3E00D519E4;
			remoteInfo = "Quote Maker";
		};
/* End PBXContainerItemProxy section */

/* Begin PBXFileReference section */
		0757A41C9725EB5D4ECD189A /* Pods-Quote MakerUITests.debug.xcconfig */ = {isa = PBXFileReference; includeInIndex = 1; lastKnownFileType = text.xcconfig; name = "Pods-Quote MakerUITests.debug.xcconfig"; path = "Pods/Target Support Files/Pods-Quote MakerUITests/Pods-Quote MakerUITests.debug.xcconfig"; sourceTree = "<group>"; };
		1BD53D7C01F8F38390799741 /* Pods-Quote Maker.release.xcconfig */ = {isa = PBXFileReference; includeInIndex = 1; lastKnownFileType = text.xcconfig; name = "Pods-Quote Maker.release.xcconfig"; path = "Pods/Target Support Files/Pods-Quote Maker/Pods-Quote Maker.release.xcconfig"; sourceTree = "<group>"; };
		3945D2A60FA4F4FAB9A90DB9 /* Pods-Quote MakerTests.release.xcconfig */ = {isa = PBXFileReference; includeInIndex = 1; lastKnownFileType = text.xcconfig; name = "Pods-Quote MakerTests.release.xcconfig"; path = "Pods/Target Support Files/Pods-Quote MakerTests/Pods-Quote MakerTests.release.xcconfig"; sourceTree = "<group>"; };
		3A0D3F9EB5F3B68CF8EA84BE /* Pods-Quote Maker.debug.xcconfig */ = {isa = PBXFileReference; includeInIndex = 1; lastKnownFileType = text.xcconfig; name = "Pods-Quote Maker.debug.xcconfig"; path = "Pods/Target Support Files/Pods-Quote Maker/Pods-Quote Maker.debug.xcconfig"; sourceTree = "<group>"; };
		5815073D1EDB609E0015C2D7 /* colormap.png */ = {isa = PBXFileReference; lastKnownFileType = image.png; path = colormap.png; sourceTree = "<group>"; };
		5815073E1EDB609E0015C2D7 /* FCBrightDarkGradView.h */ = {isa = PBXFileReference; fileEncoding = 4; lastKnownFileType = sourcecode.c.h; path = FCBrightDarkGradView.h; sourceTree = "<group>"; };
		5815073F1EDB609E0015C2D7 /* FCBrightDarkGradView.m */ = {isa = PBXFileReference; fileEncoding = 4; lastKnownFileType = sourcecode.c.objc; path = FCBrightDarkGradView.m; sourceTree = "<group>"; };
		581507401EDB609E0015C2D7 /* FCColorPickerViewController.h */ = {isa = PBXFileReference; fileEncoding = 4; lastKnownFileType = sourcecode.c.h; path = FCColorPickerViewController.h; sourceTree = "<group>"; };
		581507411EDB609E0015C2D7 /* FCColorPickerViewController.m */ = {isa = PBXFileReference; fileEncoding = 4; lastKnownFileType = sourcecode.c.objc; path = FCColorPickerViewController.m; sourceTree = "<group>"; };
		581507421EDB609E0015C2D7 /* FCColorPickerViewController.xib */ = {isa = PBXFileReference; fileEncoding = 4; lastKnownFileType = file.xib; path = FCColorPickerViewController.xib; sourceTree = "<group>"; };
		581507431EDB609E0015C2D7 /* FCColorSwatchView.h */ = {isa = PBXFileReference; fileEncoding = 4; lastKnownFileType = sourcecode.c.h; path = FCColorSwatchView.h; sourceTree = "<group>"; };
		581507441EDB609E0015C2D7 /* FCColorSwatchView.m */ = {isa = PBXFileReference; fileEncoding = 4; lastKnownFileType = sourcecode.c.objc; path = FCColorSwatchView.m; sourceTree = "<group>"; };
		584365EA1EFEE8B70095388A /* GoogleMobileAds.framework */ = {isa = PBXFileReference; lastKnownFileType = wrapper.framework; name = GoogleMobileAds.framework; path = "../../Downloads/GoogleMobileAdsSdkiOS-7.21.0/GoogleMobileAds.framework"; sourceTree = "<group>"; };
		5843660C1EFEFCE80095388A /* Langdon.otf */ = {isa = PBXFileReference; lastKnownFileType = file; path = Langdon.otf; sourceTree = "<group>"; };
		5849B2751E43BE3E00D519E4 /* Quote Maker.app */ = {isa = PBXFileReference; explicitFileType = wrapper.application; includeInIndex = 0; path = "Quote Maker.app"; sourceTree = BUILT_PRODUCTS_DIR; };
		5849B2791E43BE3E00D519E4 /* main.m */ = {isa = PBXFileReference; lastKnownFileType = sourcecode.c.objc; path = main.m; sourceTree = "<group>"; };
		5849B27B1E43BE3E00D519E4 /* AppDelegate.h */ = {isa = PBXFileReference; lastKnownFileType = sourcecode.c.h; path = AppDelegate.h; sourceTree = "<group>"; };
		5849B27C1E43BE3E00D519E4 /* AppDelegate.m */ = {isa = PBXFileReference; lastKnownFileType = sourcecode.c.objc; path = AppDelegate.m; sourceTree = "<group>"; };
		5849B27E1E43BE3E00D519E4 /* EnterViewController.h */ = {isa = PBXFileReference; lastKnownFileType = sourcecode.c.h; path = EnterViewController.h; sourceTree = "<group>"; };
		5849B27F1E43BE3E00D519E4 /* EnterViewController.m */ = {isa = PBXFileReference; lastKnownFileType = sourcecode.c.objc; path = EnterViewController.m; sourceTree = "<group>"; };
		5849B2821E43BE3E00D519E4 /* Base */ = {isa = PBXFileReference; lastKnownFileType = file.storyboard; name = Base; path = Base.lproj/Main.storyboard; sourceTree = "<group>"; };
		5849B2841E43BE3E00D519E4 /* Assets.xcassets */ = {isa = PBXFileReference; lastKnownFileType = folder.assetcatalog; path = Assets.xcassets; sourceTree = "<group>"; };
		5849B2871E43BE3E00D519E4 /* Base */ = {isa = PBXFileReference; lastKnownFileType = file.storyboard; name = Base; path = Base.lproj/LaunchScreen.storyboard; sourceTree = "<group>"; };
		5849B2891E43BE3E00D519E4 /* Info.plist */ = {isa = PBXFileReference; lastKnownFileType = text.plist.xml; path = Info.plist; sourceTree = "<group>"; };
		5849B28E1E43BE3E00D519E4 /* Quote MakerTests.xctest */ = {isa = PBXFileReference; explicitFileType = wrapper.cfbundle; includeInIndex = 0; path = "Quote MakerTests.xctest"; sourceTree = BUILT_PRODUCTS_DIR; };
		5849B2921E43BE3F00D519E4 /* Quote_MakerTests.m */ = {isa = PBXFileReference; lastKnownFileType = sourcecode.c.objc; path = Quote_MakerTests.m; sourceTree = "<group>"; };
		5849B2941E43BE3F00D519E4 /* Info.plist */ = {isa = PBXFileReference; lastKnownFileType = text.plist.xml; path = Info.plist; sourceTree = "<group>"; };
		5849B2991E43BE3F00D519E4 /* Quote MakerUITests.xctest */ = {isa = PBXFileReference; explicitFileType = wrapper.cfbundle; includeInIndex = 0; path = "Quote MakerUITests.xctest"; sourceTree = BUILT_PRODUCTS_DIR; };
		5849B29D1E43BE3F00D519E4 /* Quote_MakerUITests.m */ = {isa = PBXFileReference; lastKnownFileType = sourcecode.c.objc; path = Quote_MakerUITests.m; sourceTree = "<group>"; };
		5849B29F1E43BE3F00D519E4 /* Info.plist */ = {isa = PBXFileReference; lastKnownFileType = text.plist.xml; path = Info.plist; sourceTree = "<group>"; };
		5849B2AE1E43C21000D519E4 /* GrandHotel-Regular.ttf */ = {isa = PBXFileReference; lastKnownFileType = file; path = "GrandHotel-Regular.ttf"; sourceTree = "<group>"; };
		5849B2B41E43CE9B00D519E4 /* SaveViewController.h */ = {isa = PBXFileReference; fileEncoding = 4; lastKnownFileType = sourcecode.c.h; path = SaveViewController.h; sourceTree = "<group>"; };
		5849B2B51E43CE9B00D519E4 /* SaveViewController.m */ = {isa = PBXFileReference; fileEncoding = 4; lastKnownFileType = sourcecode.c.objc; path = SaveViewController.m; sourceTree = "<group>"; };
		58663E271E90228A000F1806 /* Utilities.h */ = {isa = PBXFileReference; fileEncoding = 4; lastKnownFileType = sourcecode.c.h; path = Utilities.h; sourceTree = "<group>"; };
		58663E281E90228A000F1806 /* Utilities.m */ = {isa = PBXFileReference; fileEncoding = 4; lastKnownFileType = sourcecode.c.objc; path = Utilities.m; sourceTree = "<group>"; };
		586640511E9023B3000F1806 /* SettingsViewController.h */ = {isa = PBXFileReference; fileEncoding = 4; lastKnownFileType = sourcecode.c.h; path = SettingsViewController.h; sourceTree = "<group>"; };
		586640521E9023B3000F1806 /* SettingsViewController.m */ = {isa = PBXFileReference; fileEncoding = 4; lastKnownFileType = sourcecode.c.objc; path = SettingsViewController.m; sourceTree = "<group>"; };
		586640541E90550F000F1806 /* UIImage+ImageEffects.h */ = {isa = PBXFileReference; fileEncoding = 4; lastKnownFileType = sourcecode.c.h; path = "UIImage+ImageEffects.h"; sourceTree = "<group>"; };
		586640551E90550F000F1806 /* UIImage+ImageEffects.m */ = {isa = PBXFileReference; fileEncoding = 4; lastKnownFileType = sourcecode.c.objc; path = "UIImage+ImageEffects.m"; sourceTree = "<group>"; };
		589F2B231E998203006BFDD3 /* Animator.h */ = {isa = PBXFileReference; fileEncoding = 4; lastKnownFileType = sourcecode.c.h; path = Animator.h; sourceTree = "<group>"; };
		589F2B241E998203006BFDD3 /* Animator.m */ = {isa = PBXFileReference; fileEncoding = 4; lastKnownFileType = sourcecode.c.objc; path = Animator.m; sourceTree = "<group>"; };
		58C198B01EA60744005931B5 /* NonClippingLabel.h */ = {isa = PBXFileReference; fileEncoding = 4; lastKnownFileType = sourcecode.c.h; path = NonClippingLabel.h; sourceTree = "<group>"; };
		58C198B11EA60744005931B5 /* NonClippingLabel.m */ = {isa = PBXFileReference; fileEncoding = 4; lastKnownFileType = sourcecode.c.objc; path = NonClippingLabel.m; sourceTree = "<group>"; };
		58C8E2A01EA2A9D0001D4530 /* TPKeyboardAvoidingCollectionView.h */ = {isa = PBXFileReference; fileEncoding = 4; lastKnownFileType = sourcecode.c.h; path = TPKeyboardAvoidingCollectionView.h; sourceTree = "<group>"; };
		58C8E2A11EA2A9D0001D4530 /* TPKeyboardAvoidingCollectionView.m */ = {isa = PBXFileReference; fileEncoding = 4; lastKnownFileType = sourcecode.c.objc; path = TPKeyboardAvoidingCollectionView.m; sourceTree = "<group>"; };
		58C8E2A21EA2A9D0001D4530 /* TPKeyboardAvoidingScrollView.h */ = {isa = PBXFileReference; fileEncoding = 4; lastKnownFileType = sourcecode.c.h; path = TPKeyboardAvoidingScrollView.h; sourceTree = "<group>"; };
		58C8E2A31EA2A9D0001D4530 /* TPKeyboardAvoidingScrollView.m */ = {isa = PBXFileReference; fileEncoding = 4; lastKnownFileType = sourcecode.c.objc; path = TPKeyboardAvoidingScrollView.m; sourceTree = "<group>"; };
		58C8E2A41EA2A9D0001D4530 /* TPKeyboardAvoidingTableView.h */ = {isa = PBXFileReference; fileEncoding = 4; lastKnownFileType = sourcecode.c.h; path = TPKeyboardAvoidingTableView.h; sourceTree = "<group>"; };
		58C8E2A51EA2A9D0001D4530 /* TPKeyboardAvoidingTableView.m */ = {isa = PBXFileReference; fileEncoding = 4; lastKnownFileType = sourcecode.c.objc; path = TPKeyboardAvoidingTableView.m; sourceTree = "<group>"; };
		58C8E2A61EA2A9D0001D4530 /* UIScrollView+TPKeyboardAvoidingAdditions.h */ = {isa = PBXFileReference; fileEncoding = 4; lastKnownFileType = sourcecode.c.h; path = "UIScrollView+TPKeyboardAvoidingAdditions.h"; sourceTree = "<group>"; };
		58C8E2A71EA2A9D0001D4530 /* UIScrollView+TPKeyboardAvoidingAdditions.m */ = {isa = PBXFileReference; fileEncoding = 4; lastKnownFileType = sourcecode.c.objc; path = "UIScrollView+TPKeyboardAvoidingAdditions.m"; sourceTree = "<group>"; };
		58DBB1A91EB78E8800337408 /* Lottie.framework */ = {isa = PBXFileReference; lastKnownFileType = wrapper.framework; name = Lottie.framework; path = "Pods/../build/Debug-iphoneos/lottie-ios/Lottie.framework"; sourceTree = "<group>"; };
		61E75C9B3583BBD48FF7D1B9 /* Pods_Quote_MakerUITests.framework */ = {isa = PBXFileReference; explicitFileType = wrapper.framework; includeInIndex = 0; path = Pods_Quote_MakerUITests.framework; sourceTree = BUILT_PRODUCTS_DIR; };
		89A9F50EFFEF57E08203527E /* Pods-Quote MakerUITests.release.xcconfig */ = {isa = PBXFileReference; includeInIndex = 1; lastKnownFileType = text.xcconfig; name = "Pods-Quote MakerUITests.release.xcconfig"; path = "Pods/Target Support Files/Pods-Quote MakerUITests/Pods-Quote MakerUITests.release.xcconfig"; sourceTree = "<group>"; };
		98315917872242E0B02BCF18 /* Pods-Quote MakerTests.debug.xcconfig */ = {isa = PBXFileReference; includeInIndex = 1; lastKnownFileType = text.xcconfig; name = "Pods-Quote MakerTests.debug.xcconfig"; path = "Pods/Target Support Files/Pods-Quote MakerTests/Pods-Quote MakerTests.debug.xcconfig"; sourceTree = "<group>"; };
		AC7C37DAC4E291CEAB346CE3 /* Pods_Quote_MakerTests.framework */ = {isa = PBXFileReference; explicitFileType = wrapper.framework; includeInIndex = 0; path = Pods_Quote_MakerTests.framework; sourceTree = BUILT_PRODUCTS_DIR; };
		EBB8D9800109749408DE6128 /* Pods_Quote_Maker.framework */ = {isa = PBXFileReference; explicitFileType = wrapper.framework; includeInIndex = 0; path = Pods_Quote_Maker.framework; sourceTree = BUILT_PRODUCTS_DIR; };
/* End PBXFileReference section */

/* Begin PBXFrameworksBuildPhase section */
		5849B2721E43BE3E00D519E4 /* Frameworks */ = {
			isa = PBXFrameworksBuildPhase;
			buildActionMask = 2147483647;
			files = (
				584365EB1EFEE8B70095388A /* GoogleMobileAds.framework in Frameworks */,
				2B6BF89D265DE764F8AFD9AB /* Pods_Quote_Maker.framework in Frameworks */,
			);
			runOnlyForDeploymentPostprocessing = 0;
		};
		5849B28B1E43BE3E00D519E4 /* Frameworks */ = {
			isa = PBXFrameworksBuildPhase;
			buildActionMask = 2147483647;
			files = (
				CAC817A6E82AC708DB6F79B6 /* Pods_Quote_MakerTests.framework in Frameworks */,
			);
			runOnlyForDeploymentPostprocessing = 0;
		};
		5849B2961E43BE3F00D519E4 /* Frameworks */ = {
			isa = PBXFrameworksBuildPhase;
			buildActionMask = 2147483647;
			files = (
				25D3548D9AE6B9CC35F18F38 /* Pods_Quote_MakerUITests.framework in Frameworks */,
			);
			runOnlyForDeploymentPostprocessing = 0;
		};
/* End PBXFrameworksBuildPhase section */

/* Begin PBXGroup section */
		5815073C1EDB609E0015C2D7 /* Color Picker */ = {
			isa = PBXGroup;
			children = (
				5815073D1EDB609E0015C2D7 /* colormap.png */,
				5815073E1EDB609E0015C2D7 /* FCBrightDarkGradView.h */,
				5815073F1EDB609E0015C2D7 /* FCBrightDarkGradView.m */,
				581507401EDB609E0015C2D7 /* FCColorPickerViewController.h */,
				581507411EDB609E0015C2D7 /* FCColorPickerViewController.m */,
				581507421EDB609E0015C2D7 /* FCColorPickerViewController.xib */,
				581507431EDB609E0015C2D7 /* FCColorSwatchView.h */,
				581507441EDB609E0015C2D7 /* FCColorSwatchView.m */,
			);
			path = "Color Picker";
			sourceTree = "<group>";
		};
		5849B26C1E43BE3E00D519E4 = {
			isa = PBXGroup;
			children = (
				5849B2771E43BE3E00D519E4 /* Quote Maker */,
				5849B2911E43BE3E00D519E4 /* Quote MakerTests */,
				5849B29C1E43BE3F00D519E4 /* Quote MakerUITests */,
				5849B2761E43BE3E00D519E4 /* Products */,
				EF23039A5F386E2802A05C19 /* Pods */,
				D23D02657A879A4AB519F0E8 /* Frameworks */,
			);
			sourceTree = "<group>";
		};
		5849B2761E43BE3E00D519E4 /* Products */ = {
			isa = PBXGroup;
			children = (
				5849B2751E43BE3E00D519E4 /* Quote Maker.app */,
				5849B28E1E43BE3E00D519E4 /* Quote MakerTests.xctest */,
				5849B2991E43BE3F00D519E4 /* Quote MakerUITests.xctest */,
			);
			name = Products;
			sourceTree = "<group>";
		};
		5849B2771E43BE3E00D519E4 /* Quote Maker */ = {
			isa = PBXGroup;
			children = (
				58EDB8291EC8E101007B84BB /* External Libraries */,
				589F2B1C1E9969CD006BFDD3 /* Animation Controllers */,
				58663E261E90223E000F1806 /* Utils */,
				5849B2AB1E43C1BF00D519E4 /* Fonts */,
				5849B2B31E43C27200D519E4 /* App Delegate */,
				5849B2B21E43C25D00D519E4 /* View Controllers */,
				5849B2811E43BE3E00D519E4 /* Main.storyboard */,
				5849B2841E43BE3E00D519E4 /* Assets.xcassets */,
				5849B2861E43BE3E00D519E4 /* LaunchScreen.storyboard */,
				5849B2891E43BE3E00D519E4 /* Info.plist */,
				5849B2781E43BE3E00D519E4 /* Supporting Files */,
				58C198B01EA60744005931B5 /* NonClippingLabel.h */,
				58C198B11EA60744005931B5 /* NonClippingLabel.m */,
			);
			path = "Quote Maker";
			sourceTree = "<group>";
		};
		5849B2781E43BE3E00D519E4 /* Supporting Files */ = {
			isa = PBXGroup;
			children = (
				5849B2791E43BE3E00D519E4 /* main.m */,
			);
			name = "Supporting Files";
			sourceTree = "<group>";
		};
		5849B2911E43BE3E00D519E4 /* Quote MakerTests */ = {
			isa = PBXGroup;
			children = (
				5849B2921E43BE3F00D519E4 /* Quote_MakerTests.m */,
				5849B2941E43BE3F00D519E4 /* Info.plist */,
			);
			path = "Quote MakerTests";
			sourceTree = "<group>";
		};
		5849B29C1E43BE3F00D519E4 /* Quote MakerUITests */ = {
			isa = PBXGroup;
			children = (
				5849B29D1E43BE3F00D519E4 /* Quote_MakerUITests.m */,
				5849B29F1E43BE3F00D519E4 /* Info.plist */,
			);
			path = "Quote MakerUITests";
			sourceTree = "<group>";
		};
		5849B2AB1E43C1BF00D519E4 /* Fonts */ = {
			isa = PBXGroup;
			children = (
				5849B2AE1E43C21000D519E4 /* GrandHotel-Regular.ttf */,
				5843660C1EFEFCE80095388A /* Langdon.otf */,
			);
			name = Fonts;
			sourceTree = "<group>";
		};
		5849B2B21E43C25D00D519E4 /* View Controllers */ = {
			isa = PBXGroup;
			children = (
				5849B27E1E43BE3E00D519E4 /* EnterViewController.h */,
				5849B27F1E43BE3E00D519E4 /* EnterViewController.m */,
				5849B2B41E43CE9B00D519E4 /* SaveViewController.h */,
				5849B2B51E43CE9B00D519E4 /* SaveViewController.m */,
				586640511E9023B3000F1806 /* SettingsViewController.h */,
				586640521E9023B3000F1806 /* SettingsViewController.m */,
			);
			name = "View Controllers";
			sourceTree = "<group>";
		};
		5849B2B31E43C27200D519E4 /* App Delegate */ = {
			isa = PBXGroup;
			children = (
				5849B27B1E43BE3E00D519E4 /* AppDelegate.h */,
				5849B27C1E43BE3E00D519E4 /* AppDelegate.m */,
			);
			name = "App Delegate";
			sourceTree = "<group>";
		};
		58663E261E90223E000F1806 /* Utils */ = {
			isa = PBXGroup;
			children = (
				58663E271E90228A000F1806 /* Utilities.h */,
				58663E281E90228A000F1806 /* Utilities.m */,
			);
			name = Utils;
			sourceTree = "<group>";
		};
		589F2B1C1E9969CD006BFDD3 /* Animation Controllers */ = {
			isa = PBXGroup;
			children = (
				589F2B231E998203006BFDD3 /* Animator.h */,
				589F2B241E998203006BFDD3 /* Animator.m */,
			);
			name = "Animation Controllers";
			sourceTree = "<group>";
		};
		58C8E29F1EA2A9D0001D4530 /* TPKeyboardAvoiding */ = {
			isa = PBXGroup;
			children = (
				58C8E2A01EA2A9D0001D4530 /* TPKeyboardAvoidingCollectionView.h */,
				58C8E2A11EA2A9D0001D4530 /* TPKeyboardAvoidingCollectionView.m */,
				58C8E2A21EA2A9D0001D4530 /* TPKeyboardAvoidingScrollView.h */,
				58C8E2A31EA2A9D0001D4530 /* TPKeyboardAvoidingScrollView.m */,
				58C8E2A41EA2A9D0001D4530 /* TPKeyboardAvoidingTableView.h */,
				58C8E2A51EA2A9D0001D4530 /* TPKeyboardAvoidingTableView.m */,
				58C8E2A61EA2A9D0001D4530 /* UIScrollView+TPKeyboardAvoidingAdditions.h */,
				58C8E2A71EA2A9D0001D4530 /* UIScrollView+TPKeyboardAvoidingAdditions.m */,
			);
			path = TPKeyboardAvoiding;
			sourceTree = "<group>";
		};
		58EDB8291EC8E101007B84BB /* External Libraries */ = {
			isa = PBXGroup;
			children = (
				584365EA1EFEE8B70095388A /* GoogleMobileAds.framework */,
				586640541E90550F000F1806 /* UIImage+ImageEffects.h */,
				586640551E90550F000F1806 /* UIImage+ImageEffects.m */,
				58C8E29F1EA2A9D0001D4530 /* TPKeyboardAvoiding */,
				5815073C1EDB609E0015C2D7 /* Color Picker */,
			);
			name = "External Libraries";
			sourceTree = "<group>";
		};
		D23D02657A879A4AB519F0E8 /* Frameworks */ = {
			isa = PBXGroup;
			children = (
				58DBB1A91EB78E8800337408 /* Lottie.framework */,
				EBB8D9800109749408DE6128 /* Pods_Quote_Maker.framework */,
				AC7C37DAC4E291CEAB346CE3 /* Pods_Quote_MakerTests.framework */,
				61E75C9B3583BBD48FF7D1B9 /* Pods_Quote_MakerUITests.framework */,
			);
			name = Frameworks;
			sourceTree = "<group>";
		};
		EF23039A5F386E2802A05C19 /* Pods */ = {
			isa = PBXGroup;
			children = (
				3A0D3F9EB5F3B68CF8EA84BE /* Pods-Quote Maker.debug.xcconfig */,
				1BD53D7C01F8F38390799741 /* Pods-Quote Maker.release.xcconfig */,
				98315917872242E0B02BCF18 /* Pods-Quote MakerTests.debug.xcconfig */,
				3945D2A60FA4F4FAB9A90DB9 /* Pods-Quote MakerTests.release.xcconfig */,
				0757A41C9725EB5D4ECD189A /* Pods-Quote MakerUITests.debug.xcconfig */,
				89A9F50EFFEF57E08203527E /* Pods-Quote MakerUITests.release.xcconfig */,
			);
			name = Pods;
			sourceTree = "<group>";
		};
/* End PBXGroup section */

/* Begin PBXNativeTarget section */
		5849B2741E43BE3E00D519E4 /* Quote Maker */ = {
			isa = PBXNativeTarget;
			buildConfigurationList = 5849B2A21E43BE3F00D519E4 /* Build configuration list for PBXNativeTarget "Quote Maker" */;
			buildPhases = (
				FB0D3B4741A0D67CEDA526AD /* [CP] Check Pods Manifest.lock */,
				5849B2711E43BE3E00D519E4 /* Sources */,
				5849B2721E43BE3E00D519E4 /* Frameworks */,
				5849B2731E43BE3E00D519E4 /* Resources */,
				C33C7A6747A968D4F879AD4F /* [CP] Embed Pods Frameworks */,
				796B2A04855B33C4C141B879 /* [CP] Copy Pods Resources */,
			);
			buildRules = (
			);
			dependencies = (
			);
			name = "Quote Maker";
			productName = "Quote Maker";
			productReference = 5849B2751E43BE3E00D519E4 /* Quote Maker.app */;
			productType = "com.apple.product-type.application";
		};
		5849B28D1E43BE3E00D519E4 /* Quote MakerTests */ = {
			isa = PBXNativeTarget;
			buildConfigurationList = 5849B2A51E43BE3F00D519E4 /* Build configuration list for PBXNativeTarget "Quote MakerTests" */;
			buildPhases = (
				91C3C451C620A9FA484794BD /* [CP] Check Pods Manifest.lock */,
				5849B28A1E43BE3E00D519E4 /* Sources */,
				5849B28B1E43BE3E00D519E4 /* Frameworks */,
				5849B28C1E43BE3E00D519E4 /* Resources */,
				15EE32BF3059052CE4F3AC0C /* [CP] Embed Pods Frameworks */,
				5A1CA71D281CD4CA9B6CFAE4 /* [CP] Copy Pods Resources */,
			);
			buildRules = (
			);
			dependencies = (
				5849B2901E43BE3E00D519E4 /* PBXTargetDependency */,
			);
			name = "Quote MakerTests";
			productName = "Quote MakerTests";
			productReference = 5849B28E1E43BE3E00D519E4 /* Quote MakerTests.xctest */;
			productType = "com.apple.product-type.bundle.unit-test";
		};
		5849B2981E43BE3F00D519E4 /* Quote MakerUITests */ = {
			isa = PBXNativeTarget;
			buildConfigurationList = 5849B2A81E43BE3F00D519E4 /* Build configuration list for PBXNativeTarget "Quote MakerUITests" */;
			buildPhases = (
				73F661EEC8391D260C9D0082 /* [CP] Check Pods Manifest.lock */,
				5849B2951E43BE3F00D519E4 /* Sources */,
				5849B2961E43BE3F00D519E4 /* Frameworks */,
				5849B2971E43BE3F00D519E4 /* Resources */,
				21DF10F15CEC64B253379EC4 /* [CP] Copy Pods Resources */,
			);
			buildRules = (
			);
			dependencies = (
				5849B29B1E43BE3F00D519E4 /* PBXTargetDependency */,
			);
			name = "Quote MakerUITests";
			productName = "Quote MakerUITests";
			productReference = 5849B2991E43BE3F00D519E4 /* Quote MakerUITests.xctest */;
			productType = "com.apple.product-type.bundle.ui-testing";
		};
/* End PBXNativeTarget section */

/* Begin PBXProject section */
		5849B26D1E43BE3E00D519E4 /* Project object */ = {
			isa = PBXProject;
			attributes = {
				LastUpgradeCheck = 0820;
				ORGANIZATIONNAME = BJ;
				TargetAttributes = {
					5849B2741E43BE3E00D519E4 = {
						CreatedOnToolsVersion = 8.2.1;
						DevelopmentTeam = U2888GAKZ7;
						LastSwiftMigration = 0820;
						ProvisioningStyle = Automatic;
					};
					5849B28D1E43BE3E00D519E4 = {
						CreatedOnToolsVersion = 8.2.1;
						DevelopmentTeam = U2888GAKZ7;
						ProvisioningStyle = Automatic;
						TestTargetID = 5849B2741E43BE3E00D519E4;
					};
					5849B2981E43BE3F00D519E4 = {
						CreatedOnToolsVersion = 8.2.1;
						DevelopmentTeam = U2888GAKZ7;
						ProvisioningStyle = Automatic;
						TestTargetID = 5849B2741E43BE3E00D519E4;
					};
				};
			};
			buildConfigurationList = 5849B2701E43BE3E00D519E4 /* Build configuration list for PBXProject "Quote Maker" */;
			compatibilityVersion = "Xcode 3.2";
			developmentRegion = English;
			hasScannedForEncodings = 0;
			knownRegions = (
				en,
				Base,
			);
			mainGroup = 5849B26C1E43BE3E00D519E4;
			productRefGroup = 5849B2761E43BE3E00D519E4 /* Products */;
			projectDirPath = "";
			projectRoot = "";
			targets = (
				5849B2741E43BE3E00D519E4 /* Quote Maker */,
				5849B28D1E43BE3E00D519E4 /* Quote MakerTests */,
				5849B2981E43BE3F00D519E4 /* Quote MakerUITests */,
			);
		};
/* End PBXProject section */

/* Begin PBXResourcesBuildPhase section */
		5849B2731E43BE3E00D519E4 /* Resources */ = {
			isa = PBXResourcesBuildPhase;
			buildActionMask = 2147483647;
			files = (
				5849B2B11E43C21600D519E4 /* GrandHotel-Regular.ttf in Resources */,
				581507451EDB609E0015C2D7 /* colormap.png in Resources */,
				581507481EDB609E0015C2D7 /* FCColorPickerViewController.xib in Resources */,
				5849B2881E43BE3E00D519E4 /* LaunchScreen.storyboard in Resources */,
				5849B2851E43BE3E00D519E4 /* Assets.xcassets in Resources */,
				5843660E1EFEFF260095388A /* Langdon.otf in Resources */,
				5849B2831E43BE3E00D519E4 /* Main.storyboard in Resources */,
			);
			runOnlyForDeploymentPostprocessing = 0;
		};
		5849B28C1E43BE3E00D519E4 /* Resources */ = {
			isa = PBXResourcesBuildPhase;
			buildActionMask = 2147483647;
			files = (
			);
			runOnlyForDeploymentPostprocessing = 0;
		};
		5849B2971E43BE3F00D519E4 /* Resources */ = {
			isa = PBXResourcesBuildPhase;
			buildActionMask = 2147483647;
			files = (
			);
			runOnlyForDeploymentPostprocessing = 0;
		};
/* End PBXResourcesBuildPhase section */

/* Begin PBXShellScriptBuildPhase section */
		15EE32BF3059052CE4F3AC0C /* [CP] Embed Pods Frameworks */ = {
			isa = PBXShellScriptBuildPhase;
			buildActionMask = 2147483647;
			files = (
			);
			inputPaths = (
			);
			name = "[CP] Embed Pods Frameworks";
			outputPaths = (
			);
			runOnlyForDeploymentPostprocessing = 0;
			shellPath = /bin/sh;
			shellScript = "\"${SRCROOT}/Pods/Target Support Files/Pods-Quote MakerTests/Pods-Quote MakerTests-frameworks.sh\"\n";
			showEnvVarsInLog = 0;
		};
		21DF10F15CEC64B253379EC4 /* [CP] Copy Pods Resources */ = {
			isa = PBXShellScriptBuildPhase;
			buildActionMask = 2147483647;
			files = (
			);
			inputPaths = (
			);
			name = "[CP] Copy Pods Resources";
			outputPaths = (
			);
			runOnlyForDeploymentPostprocessing = 0;
			shellPath = /bin/sh;
			shellScript = "\"${SRCROOT}/Pods/Target Support Files/Pods-Quote MakerUITests/Pods-Quote MakerUITests-resources.sh\"\n";
			showEnvVarsInLog = 0;
		};
		5A1CA71D281CD4CA9B6CFAE4 /* [CP] Copy Pods Resources */ = {
			isa = PBXShellScriptBuildPhase;
			buildActionMask = 2147483647;
			files = (
			);
			inputPaths = (
			);
			name = "[CP] Copy Pods Resources";
			outputPaths = (
			);
			runOnlyForDeploymentPostprocessing = 0;
			shellPath = /bin/sh;
			shellScript = "\"${SRCROOT}/Pods/Target Support Files/Pods-Quote MakerTests/Pods-Quote MakerTests-resources.sh\"\n";
			showEnvVarsInLog = 0;
		};
		73F661EEC8391D260C9D0082 /* [CP] Check Pods Manifest.lock */ = {
			isa = PBXShellScriptBuildPhase;
			buildActionMask = 2147483647;
			files = (
			);
			inputPaths = (
			);
			name = "[CP] Check Pods Manifest.lock";
			outputPaths = (
			);
			runOnlyForDeploymentPostprocessing = 0;
			shellPath = /bin/sh;
			shellScript = "diff \"${PODS_ROOT}/../Podfile.lock\" \"${PODS_ROOT}/Manifest.lock\" > /dev/null\nif [[ $? != 0 ]] ; then\n    cat << EOM\nerror: The sandbox is not in sync with the Podfile.lock. Run 'pod install' or update your CocoaPods installation.\nEOM\n    exit 1\nfi\n";
			showEnvVarsInLog = 0;
		};
		796B2A04855B33C4C141B879 /* [CP] Copy Pods Resources */ = {
			isa = PBXShellScriptBuildPhase;
			buildActionMask = 2147483647;
			files = (
			);
			inputPaths = (
			);
			name = "[CP] Copy Pods Resources";
			outputPaths = (
			);
			runOnlyForDeploymentPostprocessing = 0;
			shellPath = /bin/sh;
			shellScript = "\"${SRCROOT}/Pods/Target Support Files/Pods-Quote Maker/Pods-Quote Maker-resources.sh\"\n";
			showEnvVarsInLog = 0;
		};
		91C3C451C620A9FA484794BD /* [CP] Check Pods Manifest.lock */ = {
			isa = PBXShellScriptBuildPhase;
			buildActionMask = 2147483647;
			files = (
			);
			inputPaths = (
			);
			name = "[CP] Check Pods Manifest.lock";
			outputPaths = (
			);
			runOnlyForDeploymentPostprocessing = 0;
			shellPath = /bin/sh;
			shellScript = "diff \"${PODS_ROOT}/../Podfile.lock\" \"${PODS_ROOT}/Manifest.lock\" > /dev/null\nif [[ $? != 0 ]] ; then\n    cat << EOM\nerror: The sandbox is not in sync with the Podfile.lock. Run 'pod install' or update your CocoaPods installation.\nEOM\n    exit 1\nfi\n";
			showEnvVarsInLog = 0;
		};
		C33C7A6747A968D4F879AD4F /* [CP] Embed Pods Frameworks */ = {
			isa = PBXShellScriptBuildPhase;
			buildActionMask = 2147483647;
			files = (
			);
			inputPaths = (
			);
			name = "[CP] Embed Pods Frameworks";
			outputPaths = (
			);
			runOnlyForDeploymentPostprocessing = 0;
			shellPath = /bin/sh;
			shellScript = "\"${SRCROOT}/Pods/Target Support Files/Pods-Quote Maker/Pods-Quote Maker-frameworks.sh\"\n";
			showEnvVarsInLog = 0;
		};
		FB0D3B4741A0D67CEDA526AD /* [CP] Check Pods Manifest.lock */ = {
			isa = PBXShellScriptBuildPhase;
			buildActionMask = 2147483647;
			files = (
			);
			inputPaths = (
			);
			name = "[CP] Check Pods Manifest.lock";
			outputPaths = (
			);
			runOnlyForDeploymentPostprocessing = 0;
			shellPath = /bin/sh;
			shellScript = "diff \"${PODS_ROOT}/../Podfile.lock\" \"${PODS_ROOT}/Manifest.lock\" > /dev/null\nif [[ $? != 0 ]] ; then\n    cat << EOM\nerror: The sandbox is not in sync with the Podfile.lock. Run 'pod install' or update your CocoaPods installation.\nEOM\n    exit 1\nfi\n";
			showEnvVarsInLog = 0;
		};
/* End PBXShellScriptBuildPhase section */

/* Begin PBXSourcesBuildPhase section */
		5849B2711E43BE3E00D519E4 /* Sources */ = {
			isa = PBXSourcesBuildPhase;
			buildActionMask = 2147483647;
			files = (
				589F2B251E998203006BFDD3 /* Animator.m in Sources */,
				58C8E2AB1EA2A9D1001D4530 /* UIScrollView+TPKeyboardAvoidingAdditions.m in Sources */,
				58C8E2A91EA2A9D1001D4530 /* TPKeyboardAvoidingScrollView.m in Sources */,
				58C8E2A81EA2A9D0001D4530 /* TPKeyboardAvoidingCollectionView.m in Sources */,
				586640531E9023B3000F1806 /* SettingsViewController.m in Sources */,
				5849B2801E43BE3E00D519E4 /* EnterViewController.m in Sources */,
				586640561E90550F000F1806 /* UIImage+ImageEffects.m in Sources */,
				5849B2B61E43CE9B00D519E4 /* SaveViewController.m in Sources */,
				5849B27D1E43BE3E00D519E4 /* AppDelegate.m in Sources */,
				581507471EDB609E0015C2D7 /* FCColorPickerViewController.m in Sources */,
				58C198B21EA60744005931B5 /* NonClippingLabel.m in Sources */,
				581507491EDB609E0015C2D7 /* FCColorSwatchView.m in Sources */,
				58C8E2AA1EA2A9D1001D4530 /* TPKeyboardAvoidingTableView.m in Sources */,
				581507461EDB609E0015C2D7 /* FCBrightDarkGradView.m in Sources */,
				5849B27A1E43BE3E00D519E4 /* main.m in Sources */,
				58663E291E90228A000F1806 /* Utilities.m in Sources */,
			);
			runOnlyForDeploymentPostprocessing = 0;
		};
		5849B28A1E43BE3E00D519E4 /* Sources */ = {
			isa = PBXSourcesBuildPhase;
			buildActionMask = 2147483647;
			files = (
				5849B2931E43BE3F00D519E4 /* Quote_MakerTests.m in Sources */,
			);
			runOnlyForDeploymentPostprocessing = 0;
		};
		5849B2951E43BE3F00D519E4 /* Sources */ = {
			isa = PBXSourcesBuildPhase;
			buildActionMask = 2147483647;
			files = (
				5849B29E1E43BE3F00D519E4 /* Quote_MakerUITests.m in Sources */,
			);
			runOnlyForDeploymentPostprocessing = 0;
		};
/* End PBXSourcesBuildPhase section */

/* Begin PBXTargetDependency section */
		5849B2901E43BE3E00D519E4 /* PBXTargetDependency */ = {
			isa = PBXTargetDependency;
			target = 5849B2741E43BE3E00D519E4 /* Quote Maker */;
			targetProxy = 5849B28F1E43BE3E00D519E4 /* PBXContainerItemProxy */;
		};
		5849B29B1E43BE3F00D519E4 /* PBXTargetDependency */ = {
			isa = PBXTargetDependency;
			target = 5849B2741E43BE3E00D519E4 /* Quote Maker */;
			targetProxy = 5849B29A1E43BE3F00D519E4 /* PBXContainerItemProxy */;
		};
/* End PBXTargetDependency section */

/* Begin PBXVariantGroup section */
		5849B2811E43BE3E00D519E4 /* Main.storyboard */ = {
			isa = PBXVariantGroup;
			children = (
				5849B2821E43BE3E00D519E4 /* Base */,
			);
			name = Main.storyboard;
			sourceTree = "<group>";
		};
		5849B2861E43BE3E00D519E4 /* LaunchScreen.storyboard */ = {
			isa = PBXVariantGroup;
			children = (
				5849B2871E43BE3E00D519E4 /* Base */,
			);
			name = LaunchScreen.storyboard;
			sourceTree = "<group>";
		};
/* End PBXVariantGroup section */

/* Begin XCBuildConfiguration section */
		5849B2A01E43BE3F00D519E4 /* Debug */ = {
			isa = XCBuildConfiguration;
			baseConfigurationReference = 3A0D3F9EB5F3B68CF8EA84BE /* Pods-Quote Maker.debug.xcconfig */;
			buildSettings = {
				ALWAYS_SEARCH_USER_PATHS = NO;
				CLANG_ANALYZER_NONNULL = YES;
				CLANG_CXX_LANGUAGE_STANDARD = "gnu++0x";
				CLANG_CXX_LIBRARY = "libc++";
				CLANG_ENABLE_MODULES = YES;
				CLANG_ENABLE_OBJC_ARC = YES;
				CLANG_WARN_BOOL_CONVERSION = YES;
				CLANG_WARN_CONSTANT_CONVERSION = YES;
				CLANG_WARN_DIRECT_OBJC_ISA_USAGE = YES_ERROR;
				CLANG_WARN_DOCUMENTATION_COMMENTS = YES;
				CLANG_WARN_EMPTY_BODY = YES;
				CLANG_WARN_ENUM_CONVERSION = YES;
				CLANG_WARN_INFINITE_RECURSION = YES;
				CLANG_WARN_INT_CONVERSION = YES;
				CLANG_WARN_OBJC_ROOT_CLASS = YES_ERROR;
				CLANG_WARN_SUSPICIOUS_MOVE = YES;
				CLANG_WARN_UNREACHABLE_CODE = YES;
				CLANG_WARN__DUPLICATE_METHOD_MATCH = YES;
				"CODE_SIGN_IDENTITY[sdk=iphoneos*]" = "iPhone Developer";
				COPY_PHASE_STRIP = NO;
				DEBUG_INFORMATION_FORMAT = dwarf;
				ENABLE_STRICT_OBJC_MSGSEND = YES;
				ENABLE_TESTABILITY = YES;
				GCC_C_LANGUAGE_STANDARD = gnu99;
				GCC_DYNAMIC_NO_PIC = NO;
				GCC_NO_COMMON_BLOCKS = YES;
				GCC_OPTIMIZATION_LEVEL = 0;
				GCC_PREPROCESSOR_DEFINITIONS = (
					"DEBUG=1",
					"$(inherited)",
				);
				GCC_WARN_64_TO_32_BIT_CONVERSION = YES;
				GCC_WARN_ABOUT_RETURN_TYPE = YES_ERROR;
				GCC_WARN_UNDECLARED_SELECTOR = YES;
				GCC_WARN_UNINITIALIZED_AUTOS = YES_AGGRESSIVE;
				GCC_WARN_UNUSED_FUNCTION = YES;
				GCC_WARN_UNUSED_VARIABLE = YES;
				IPHONEOS_DEPLOYMENT_TARGET = 10.2;
				MTL_ENABLE_DEBUG_INFO = YES;
				ONLY_ACTIVE_ARCH = YES;
				SDKROOT = iphoneos;
				SWIFT_OBJC_BRIDGING_HEADER = "";
			};
			name = Debug;
		};
		5849B2A11E43BE3F00D519E4 /* Release */ = {
			isa = XCBuildConfiguration;
			baseConfigurationReference = 1BD53D7C01F8F38390799741 /* Pods-Quote Maker.release.xcconfig */;
			buildSettings = {
				ALWAYS_SEARCH_USER_PATHS = NO;
				CLANG_ANALYZER_NONNULL = YES;
				CLANG_CXX_LANGUAGE_STANDARD = "gnu++0x";
				CLANG_CXX_LIBRARY = "libc++";
				CLANG_ENABLE_MODULES = YES;
				CLANG_ENABLE_OBJC_ARC = YES;
				CLANG_WARN_BOOL_CONVERSION = YES;
				CLANG_WARN_CONSTANT_CONVERSION = YES;
				CLANG_WARN_DIRECT_OBJC_ISA_USAGE = YES_ERROR;
				CLANG_WARN_DOCUMENTATION_COMMENTS = YES;
				CLANG_WARN_EMPTY_BODY = YES;
				CLANG_WARN_ENUM_CONVERSION = YES;
				CLANG_WARN_INFINITE_RECURSION = YES;
				CLANG_WARN_INT_CONVERSION = YES;
				CLANG_WARN_OBJC_ROOT_CLASS = YES_ERROR;
				CLANG_WARN_SUSPICIOUS_MOVE = YES;
				CLANG_WARN_UNREACHABLE_CODE = YES;
				CLANG_WARN__DUPLICATE_METHOD_MATCH = YES;
				"CODE_SIGN_IDENTITY[sdk=iphoneos*]" = "iPhone Developer";
				COPY_PHASE_STRIP = NO;
				DEBUG_INFORMATION_FORMAT = "dwarf-with-dsym";
				ENABLE_NS_ASSERTIONS = NO;
				ENABLE_STRICT_OBJC_MSGSEND = YES;
				GCC_C_LANGUAGE_STANDARD = gnu99;
				GCC_NO_COMMON_BLOCKS = YES;
				GCC_WARN_64_TO_32_BIT_CONVERSION = YES;
				GCC_WARN_ABOUT_RETURN_TYPE = YES_ERROR;
				GCC_WARN_UNDECLARED_SELECTOR = YES;
				GCC_WARN_UNINITIALIZED_AUTOS = YES_AGGRESSIVE;
				GCC_WARN_UNUSED_FUNCTION = YES;
				GCC_WARN_UNUSED_VARIABLE = YES;
				IPHONEOS_DEPLOYMENT_TARGET = 10.2;
				MTL_ENABLE_DEBUG_INFO = NO;
				SDKROOT = iphoneos;
				SWIFT_OBJC_BRIDGING_HEADER = "";
				VALIDATE_PRODUCT = YES;
			};
			name = Release;
		};
		5849B2A31E43BE3F00D519E4 /* Debug */ = {
			isa = XCBuildConfiguration;
			baseConfigurationReference = 3A0D3F9EB5F3B68CF8EA84BE /* Pods-Quote Maker.debug.xcconfig */;
			buildSettings = {
				ASSETCATALOG_COMPILER_APPICON_NAME = AppIcon;
				CLANG_ENABLE_MODULES = YES;
				"CODE_SIGN_IDENTITY[sdk=iphoneos*]" = "iPhone Developer";
				DEFINES_MODULE = NO;
				DEVELOPMENT_TEAM = U2888GAKZ7;
				FRAMEWORK_SEARCH_PATHS = (
					"$(inherited)",
					"$(PROJECT_DIR)/Quote\\ Maker",
					"$(PROJECT_DIR)/Quote\\ Maker",
					"$(PROJECT_DIR)/build/Debug-iphoneos/lottie-ios",
				);
				INFOPLIST_FILE = "Quote Maker/Info.plist";
				IPHONEOS_DEPLOYMENT_TARGET = 9.0;
				LD_RUNPATH_SEARCH_PATHS = "$(inherited) @executable_path/Frameworks";
				PRODUCT_BUNDLE_IDENTIFIER = com.bj.quote.maker;
				PRODUCT_NAME = "$(TARGET_NAME)";
				SWIFT_OPTIMIZATION_LEVEL = "-Onone";
				SWIFT_VERSION = 3.0;
				TARGETED_DEVICE_FAMILY = "1,2";
				USER_HEADER_SEARCH_PATHS = "\"${PODS_ROOT}/BuildHeaders\"/**";
			};
			name = Debug;
		};
		5849B2A41E43BE3F00D519E4 /* Release */ = {
			isa = XCBuildConfiguration;
			baseConfigurationReference = 1BD53D7C01F8F38390799741 /* Pods-Quote Maker.release.xcconfig */;
			buildSettings = {
				ASSETCATALOG_COMPILER_APPICON_NAME = AppIcon;
				CLANG_ENABLE_MODULES = YES;
				"CODE_SIGN_IDENTITY[sdk=iphoneos*]" = "iPhone Developer";
				DEFINES_MODULE = NO;
				DEVELOPMENT_TEAM = U2888GAKZ7;
				FRAMEWORK_SEARCH_PATHS = (
					"$(inherited)",
					"$(PROJECT_DIR)/Quote\\ Maker",
					"$(PROJECT_DIR)/Quote\\ Maker",
					"$(PROJECT_DIR)/build/Debug-iphoneos/lottie-ios",
				);
				INFOPLIST_FILE = "Quote Maker/Info.plist";
				IPHONEOS_DEPLOYMENT_TARGET = 9.0;
				LD_RUNPATH_SEARCH_PATHS = "$(inherited) @executable_path/Frameworks";
				PRODUCT_BUNDLE_IDENTIFIER = com.bj.quote.maker;
				PRODUCT_NAME = "$(TARGET_NAME)";
				SWIFT_VERSION = 3.0;
				TARGETED_DEVICE_FAMILY = "1,2";
				USER_HEADER_SEARCH_PATHS = "\"${PODS_ROOT}/BuildHeaders\"/**";
			};
			name = Release;
		};
		5849B2A61E43BE3F00D519E4 /* Debug */ = {
			isa = XCBuildConfiguration;
			baseConfigurationReference = 98315917872242E0B02BCF18 /* Pods-Quote MakerTests.debug.xcconfig */;
			buildSettings = {
				BUNDLE_LOADER = "$(TEST_HOST)";
				DEVELOPMENT_TEAM = U2888GAKZ7;
				INFOPLIST_FILE = "Quote MakerTests/Info.plist";
				LD_RUNPATH_SEARCH_PATHS = "$(inherited) @executable_path/Frameworks @loader_path/Frameworks";
				PRODUCT_BUNDLE_IDENTIFIER = "com.bj.Quote-MakerTests";
				PRODUCT_NAME = "$(TARGET_NAME)";
				TEST_HOST = "$(BUILT_PRODUCTS_DIR)/Quote Maker.app/Quote Maker";
			};
			name = Debug;
		};
		5849B2A71E43BE3F00D519E4 /* Release */ = {
			isa = XCBuildConfiguration;
			baseConfigurationReference = 3945D2A60FA4F4FAB9A90DB9 /* Pods-Quote MakerTests.release.xcconfig */;
			buildSettings = {
				BUNDLE_LOADER = "$(TEST_HOST)";
				DEVELOPMENT_TEAM = U2888GAKZ7;
				INFOPLIST_FILE = "Quote MakerTests/Info.plist";
				LD_RUNPATH_SEARCH_PATHS = "$(inherited) @executable_path/Frameworks @loader_path/Frameworks";
				PRODUCT_BUNDLE_IDENTIFIER = "com.bj.Quote-MakerTests";
				PRODUCT_NAME = "$(TARGET_NAME)";
				TEST_HOST = "$(BUILT_PRODUCTS_DIR)/Quote Maker.app/Quote Maker";
			};
			name = Release;
		};
		5849B2A91E43BE3F00D519E4 /* Debug */ = {
			isa = XCBuildConfiguration;
			baseConfigurationReference = 0757A41C9725EB5D4ECD189A /* Pods-Quote MakerUITests.debug.xcconfig */;
			buildSettings = {
				DEVELOPMENT_TEAM = U2888GAKZ7;
				INFOPLIST_FILE = "Quote MakerUITests/Info.plist";
				LD_RUNPATH_SEARCH_PATHS = "$(inherited) @executable_path/Frameworks @loader_path/Frameworks";
				PRODUCT_BUNDLE_IDENTIFIER = "com.bj.Quote-MakerUITests";
				PRODUCT_NAME = "$(TARGET_NAME)";
				TEST_TARGET_NAME = "Quote Maker";
			};
			name = Debug;
		};
		5849B2AA1E43BE3F00D519E4 /* Release */ = {
			isa = XCBuildConfiguration;
			baseConfigurationReference = 89A9F50EFFEF57E08203527E /* Pods-Quote MakerUITests.release.xcconfig */;
			buildSettings = {
				DEVELOPMENT_TEAM = U2888GAKZ7;
				INFOPLIST_FILE = "Quote MakerUITests/Info.plist";
				LD_RUNPATH_SEARCH_PATHS = "$(inherited) @executable_path/Frameworks @loader_path/Frameworks";
				PRODUCT_BUNDLE_IDENTIFIER = "com.bj.Quote-MakerUITests";
				PRODUCT_NAME = "$(TARGET_NAME)";
				TEST_TARGET_NAME = "Quote Maker";
			};
			name = Release;
		};
/* End XCBuildConfiguration section */

/* Begin XCConfigurationList section */
		5849B2701E43BE3E00D519E4 /* Build configuration list for PBXProject "Quote Maker" */ = {
			isa = XCConfigurationList;
			buildConfigurations = (
				5849B2A01E43BE3F00D519E4 /* Debug */,
				5849B2A11E43BE3F00D519E4 /* Release */,
			);
			defaultConfigurationIsVisible = 0;
			defaultConfigurationName = Release;
		};
		5849B2A21E43BE3F00D519E4 /* Build configuration list for PBXNativeTarget "Quote Maker" */ = {
			isa = XCConfigurationList;
			buildConfigurations = (
				5849B2A31E43BE3F00D519E4 /* Debug */,
				5849B2A41E43BE3F00D519E4 /* Release */,
			);
			defaultConfigurationIsVisible = 0;
			defaultConfigurationName = Release;
		};
		5849B2A51E43BE3F00D519E4 /* Build configuration list for PBXNativeTarget "Quote MakerTests" */ = {
			isa = XCConfigurationList;
			buildConfigurations = (
				5849B2A61E43BE3F00D519E4 /* Debug */,
				5849B2A71E43BE3F00D519E4 /* Release */,
			);
			defaultConfigurationIsVisible = 0;
			defaultConfigurationName = Release;
		};
		5849B2A81E43BE3F00D519E4 /* Build configuration list for PBXNativeTarget "Quote MakerUITests" */ = {
			isa = XCConfigurationList;
			buildConfigurations = (
				5849B2A91E43BE3F00D519E4 /* Debug */,
				5849B2AA1E43BE3F00D519E4 /* Release */,
			);
			defaultConfigurationIsVisible = 0;
			defaultConfigurationName = Release;
		};
/* End XCConfigurationList section */
	};
	rootObject = 5849B26D1E43BE3E00D519E4 /* Project object */;
}
